
Microsoft Visual Studio Solution File, Format Version 12.00
# Visual Studio 15
VisualStudioVersion = 15.0.26403.7
MinimumVisualStudioVersion = 10.0.40219.1
Project("{FAE04EC0-301F-11D3-BF4B-00C04F79EFBC}") = "FellSky", "FellSky\FellSky.csproj", "{D6942C29-741F-4975-82D6-DF9AD20F9B76}"
EndProject
Project("{FAE04EC0-301F-11D3-BF4B-00C04F79EFBC}") = "FellSky.Editor", "FellSky.Editor\FellSky.Editor.csproj", "{7896786F-C6C5-4D64-B521-2C9FD7BD5E19}"
EndProject
Global
	GlobalSection(SolutionConfigurationPlatforms) = preSolution
		Debug|Any CPU = Debug|Any CPU
		Release|Any CPU = Release|Any CPU
	EndGlobalSection
	GlobalSection(ProjectConfigurationPlatforms) = postSolution
		{D6942C29-741F-4975-82D6-DF9AD20F9B76}.Debug|Any CPU.ActiveCfg = Debug|Any CPU
		{D6942C29-741F-4975-82D6-DF9AD20F9B76}.Debug|Any CPU.Build.0 = Debug|Any CPU
		{D6942C29-741F-4975-82D6-DF9AD20F9B76}.Release|Any CPU.ActiveCfg = Release|Any CPU
		{D6942C29-741F-4975-82D6-DF9AD20F9B76}.Release|Any CPU.Build.0 = Release|Any CPU
		{7896786F-C6C5-4D64-B521-2C9FD7BD5E19}.Debug|Any CPU.ActiveCfg = Debug|Any CPU
		{7896786F-C6C5-4D64-B521-2C9FD7BD5E19}.Debug|Any CPU.Build.0 = Debug|Any CPU
		{7896786F-C6C5-4D64-B521-2C9FD7BD5E19}.Release|Any CPU.ActiveCfg = Release|Any CPU
		{7896786F-C6C5-4D64-B521-2C9FD7BD5E19}.Release|Any CPU.Build.0 = Release|Any CPU
	EndGlobalSection
	GlobalSection(SolutionProperties) = preSolution
		HideSolutionNode = FALSE
	EndGlobalSection
EndGlobal
